schema: '2.0'
stages:
  data_ingestion:
    cmd: python src/cnnClassifier/pipeline/stage_01_data_ingestion.py
    deps:
    - path: config/config.yaml
      hash: md5
      md5: 95e8e4a1cfad0e27a7f8b801c430cb24
      size: 800
    - path: src/cnnClassifier/pipeline/stage_01_data_ingestion.py
      hash: md5
      md5: 9305e50c5df0a703aa3f74d93ab4315f
      size: 902
    outs:
    - path: artifacts/data_ingestion/Chicken-fecal-images
      hash: md5
      md5: 9e1f8dd2eae3c29e9d635df89d438ae4.dir
      size: 12207807
      nfiles: 390
  prepare_base_model:
    cmd: python src/cnnClassifier/pipeline/stage_02_prepare_base_model.py
    deps:
    - path: config/config.yaml
      hash: md5
      md5: 95e8e4a1cfad0e27a7f8b801c430cb24
      size: 800
    - path: src/cnnClassifier/pipeline/stage_02_prepare_base_model.py
      hash: md5
      md5: 541adb7ebe600547f2742345f459921e
      size: 991
    params:
      params.yaml:
        CLASSES: 2
        IMAGE_SIZE:
        - 224
        - 224
        - 3
        INCLUDE_TOP: false
        LEARNING_RATE: 0.01
        WEIGHTS: imagenet
    outs:
    - path: artifacts/prepare_base_model
      hash: md5
      md5: eb5c51f98c5575f4dbadee18fc32436c.dir
      size: 118059248
      nfiles: 2
  training:
    cmd: python src/cnnClassifier/pipeline/stage_03_training.py
    deps:
    - path: artifacts/data_ingestion/Chicken-fecal-images
      hash: md5
      md5: 9e1f8dd2eae3c29e9d635df89d438ae4.dir
      size: 12207807
      nfiles: 390
    - path: artifacts/prepare_base_model
      hash: md5
      md5: eb5c51f98c5575f4dbadee18fc32436c.dir
      size: 118059248
      nfiles: 2
    - path: config/config.yaml
      hash: md5
      md5: 95e8e4a1cfad0e27a7f8b801c430cb24
      size: 800
    - path: src/cnnClassifier/components/prepare_callbacks.py
      hash: md5
      md5: 2597bbcaf28496064998f37e1f259df2
      size: 1058
    - path: src/cnnClassifier/pipeline/stage_03_training.py
      hash: md5
      md5: e25e7998d5cf624ed7f72d9a199b4c36
      size: 1256
    params:
      params.yaml:
        AUGMENTATION: true
        BATCH_SIZE: 16
        EPOCHS: 1
        IMAGE_SIZE:
        - 224
        - 224
        - 3
    outs:
    - path: artifacts/training/model.h5
      hash: md5
      md5: 27776c12b81784bbba061356e666825c
      size: 59340720
  evaluation:
    cmd: python src/cnnClassifier/pipeline/stage_04_evaluation.py
    deps:
    - path: artifacts/data_ingestion/Chicken-fecal-images
      hash: md5
      md5: 9e1f8dd2eae3c29e9d635df89d438ae4.dir
      size: 12207807
      nfiles: 390
    - path: artifacts/training/model.h5
      hash: md5
      md5: 27776c12b81784bbba061356e666825c
      size: 59340720
    - path: config/config.yaml
      hash: md5
      md5: 95e8e4a1cfad0e27a7f8b801c430cb24
      size: 800
    - path: src/cnnClassifier/pipeline/stage_04_evaluation.py
      hash: md5
      md5: 18d8a46a52eb6a0e625b1890cfa263c5
      size: 883
    params:
      params.yaml:
        BATCH_SIZE: 16
        IMAGE_SIZE:
        - 224
        - 224
        - 3
    outs:
    - path: scores.json
      hash: md5
      md5: 33698228b6e7e21e78a9184effa07398
      size: 72
